// !$*UTF8*$!
{
	archiveVersion = 1;
	classes = {
	};
	objectVersion = 50;
	objects = {

/* Begin PBXBuildFile section */
		1BFF909C2221303D00DDFD5A /* AppDelegate.swift in Sources */ = {isa = PBXBuildFile; fileRef = 1BFF909B2221303D00DDFD5A /* AppDelegate.swift */; };
		1BFF909E2221303D00DDFD5A /* UsersCollectionContoller.swift in Sources */ = {isa = PBXBuildFile; fileRef = 1BFF909D2221303D00DDFD5A /* UsersCollectionContoller.swift */; };
		1BFF90A12221303D00DDFD5A /* Main.storyboard in Resources */ = {isa = PBXBuildFile; fileRef = 1BFF909F2221303D00DDFD5A /* Main.storyboard */; };
		1BFF90A32221303E00DDFD5A /* Assets.xcassets in Resources */ = {isa = PBXBuildFile; fileRef = 1BFF90A22221303E00DDFD5A /* Assets.xcassets */; };
		1BFF90A62221303E00DDFD5A /* LaunchScreen.storyboard in Resources */ = {isa = PBXBuildFile; fileRef = 1BFF90A42221303E00DDFD5A /* LaunchScreen.storyboard */; };
		1BFF90B2222130AE00DDFD5A /* MapVC.swift in Sources */ = {isa = PBXBuildFile; fileRef = 1BFF90B1222130AE00DDFD5A /* MapVC.swift */; };
		1BFF90B4222130CF00DDFD5A /* PersonCell.swift in Sources */ = {isa = PBXBuildFile; fileRef = 1BFF90B3222130CF00DDFD5A /* PersonCell.swift */; };
		1BFF90B6222130E000DDFD5A /* CustomClasses.swift in Sources */ = {isa = PBXBuildFile; fileRef = 1BFF90B5222130E000DDFD5A /* CustomClasses.swift */; };
		1BFF90B8222130F400DDFD5A /* Person.swift in Sources */ = {isa = PBXBuildFile; fileRef = 1BFF90B7222130F400DDFD5A /* Person.swift */; };
		1BFF90BA2221310F00DDFD5A /* Constants + Ext.swift in Sources */ = {isa = PBXBuildFile; fileRef = 1BFF90B92221310F00DDFD5A /* Constants + Ext.swift */; };
		1BFF90BF2221338800DDFD5A /* Localizable.strings in Resources */ = {isa = PBXBuildFile; fileRef = 1BFF90C12221338800DDFD5A /* Localizable.strings */; };
		A627712C5982F10ACAF1C4F8 /* Pods_Lun_UA_Test_Task.framework in Frameworks */ = {isa = PBXBuildFile; fileRef = 1491055AC3E4C4830AD3C54C /* Pods_Lun_UA_Test_Task.framework */; };
/* End PBXBuildFile section */

/* Begin PBXFileReference section */
		1491055AC3E4C4830AD3C54C /* Pods_Lun_UA_Test_Task.framework */ = {isa = PBXFileReference; explicitFileType = wrapper.framework; includeInIndex = 0; path = Pods_Lun_UA_Test_Task.framework; sourceTree = BUILT_PRODUCTS_DIR; };
		1BFF90982221303D00DDFD5A /* Lun_UA_Test_Task.app */ = {isa = PBXFileReference; explicitFileType = wrapper.application; includeInIndex = 0; path = Lun_UA_Test_Task.app; sourceTree = BUILT_PRODUCTS_DIR; };
		1BFF909B2221303D00DDFD5A /* AppDelegate.swift */ = {isa = PBXFileReference; lastKnownFileType = sourcecode.swift; path = AppDelegate.swift; sourceTree = "<group>"; };
		1BFF909D2221303D00DDFD5A /* UsersCollectionContoller.swift */ = {isa = PBXFileReference; lastKnownFileType = sourcecode.swift; path = UsersCollectionContoller.swift; sourceTree = "<group>"; };
		1BFF90A02221303D00DDFD5A /* Base */ = {isa = PBXFileReference; lastKnownFileType = file.storyboard; name = Base; path = Base.lproj/Main.storyboard; sourceTree = "<group>"; };
		1BFF90A22221303E00DDFD5A /* Assets.xcassets */ = {isa = PBXFileReference; lastKnownFileType = folder.assetcatalog; path = Assets.xcassets; sourceTree = "<group>"; };
		1BFF90A52221303E00DDFD5A /* Base */ = {isa = PBXFileReference; lastKnownFileType = file.storyboard; name = Base; path = Base.lproj/LaunchScreen.storyboard; sourceTree = "<group>"; };
		1BFF90A72221303E00DDFD5A /* Info.plist */ = {isa = PBXFileReference; lastKnownFileType = text.plist.xml; path = Info.plist; sourceTree = "<group>"; };
		1BFF90B1222130AE00DDFD5A /* MapVC.swift */ = {isa = PBXFileReference; lastKnownFileType = sourcecode.swift; path = MapVC.swift; sourceTree = "<group>"; };
		1BFF90B3222130CF00DDFD5A /* PersonCell.swift */ = {isa = PBXFileReference; lastKnownFileType = sourcecode.swift; path = PersonCell.swift; sourceTree = "<group>"; };
		1BFF90B5222130E000DDFD5A /* CustomClasses.swift */ = {isa = PBXFileReference; lastKnownFileType = sourcecode.swift; path = CustomClasses.swift; sourceTree = "<group>"; };
		1BFF90B7222130F400DDFD5A /* Person.swift */ = {isa = PBXFileReference; lastKnownFileType = sourcecode.swift; path = Person.swift; sourceTree = "<group>"; };
		1BFF90B92221310F00DDFD5A /* Constants + Ext.swift */ = {isa = PBXFileReference; lastKnownFileType = sourcecode.swift; path = "Constants + Ext.swift"; sourceTree = "<group>"; };
		1BFF90BD2221338300DDFD5A /* ru */ = {isa = PBXFileReference; lastKnownFileType = text.plist.strings; name = ru; path = ru.lproj/Main.strings; sourceTree = "<group>"; };
		1BFF90BE2221338300DDFD5A /* ru */ = {isa = PBXFileReference; lastKnownFileType = text.plist.strings; name = ru; path = ru.lproj/LaunchScreen.strings; sourceTree = "<group>"; };
		1BFF90C02221338800DDFD5A /* ru */ = {isa = PBXFileReference; lastKnownFileType = text.plist.strings; name = ru; path = ru.lproj/Localizable.strings; sourceTree = "<group>"; };
		1BFF90C22221338C00DDFD5A /* en */ = {isa = PBXFileReference; lastKnownFileType = text.plist.strings; name = en; path = en.lproj/Localizable.strings; sourceTree = "<group>"; };
		1BFF90C32221339F00DDFD5A /* fr */ = {isa = PBXFileReference; lastKnownFileType = text.plist.strings; name = fr; path = fr.lproj/Localizable.strings; sourceTree = "<group>"; };
		1BFF90C4222133A700DDFD5A /* de */ = {isa = PBXFileReference; lastKnownFileType = text.plist.strings; name = de; path = de.lproj/Localizable.strings; sourceTree = "<group>"; };
		6402E6D24705E79236D7348E /* Pods-Lun_UA_Test_Task.debug.xcconfig */ = {isa = PBXFileReference; includeInIndex = 1; lastKnownFileType = text.xcconfig; name = "Pods-Lun_UA_Test_Task.debug.xcconfig"; path = "Pods/Target Support Files/Pods-Lun_UA_Test_Task/Pods-Lun_UA_Test_Task.debug.xcconfig"; sourceTree = "<group>"; };
		73E42A2F058C14B505739C7E /* Pods-Lun_UA_Test_Task.release.xcconfig */ = {isa = PBXFileReference; includeInIndex = 1; lastKnownFileType = text.xcconfig; name = "Pods-Lun_UA_Test_Task.release.xcconfig"; path = "Pods/Target Support Files/Pods-Lun_UA_Test_Task/Pods-Lun_UA_Test_Task.release.xcconfig"; sourceTree = "<group>"; };
/* End PBXFileReference section */

/* Begin PBXFrameworksBuildPhase section */
		1BFF90952221303D00DDFD5A /* Frameworks */ = {
			isa = PBXFrameworksBuildPhase;
			buildActionMask = 2147483647;
			files = (
				A627712C5982F10ACAF1C4F8 /* Pods_Lun_UA_Test_Task.framework in Frameworks */,
			);
			runOnlyForDeploymentPostprocessing = 0;
		};
/* End PBXFrameworksBuildPhase section */

/* Begin PBXGroup section */
		1BFF908F2221303D00DDFD5A = {
			isa = PBXGroup;
			children = (
				1BFF909A2221303D00DDFD5A /* Lun_UA_Test_Task */,
				1BFF90992221303D00DDFD5A /* Products */,
				BA8159EC2F71F28D82F80662 /* Pods */,
				5263726F1685295FA4366715 /* Frameworks */,
			);
			sourceTree = "<group>";
		};
		1BFF90992221303D00DDFD5A /* Products */ = {
			isa = PBXGroup;
			children = (
				1BFF90982221303D00DDFD5A /* Lun_UA_Test_Task.app */,
			);
			name = Products;
			sourceTree = "<group>";
		};
		1BFF909A2221303D00DDFD5A /* Lun_UA_Test_Task */ = {
			isa = PBXGroup;
			children = (
				1BFF90B02221307600DDFD5A /* Resources */,
				1BFF90AF2221306F00DDFD5A /* Controller */,
				1BFF90AE2221306900DDFD5A /* View */,
				1BFF90AD2221305E00DDFD5A /* Model */,
				1BFF909B2221303D00DDFD5A /* AppDelegate.swift */,
				1BFF909F2221303D00DDFD5A /* Main.storyboard */,
				1BFF90A22221303E00DDFD5A /* Assets.xcassets */,
				1BFF90A42221303E00DDFD5A /* LaunchScreen.storyboard */,
				1BFF90A72221303E00DDFD5A /* Info.plist */,
			);
			path = Lun_UA_Test_Task;
			sourceTree = "<group>";
		};
		1BFF90AD2221305E00DDFD5A /* Model */ = {
			isa = PBXGroup;
			children = (
				1BFF90B7222130F400DDFD5A /* Person.swift */,
			);
			path = Model;
			sourceTree = "<group>";
		};
		1BFF90AE2221306900DDFD5A /* View */ = {
			isa = PBXGroup;
			children = (
				1BFF90B3222130CF00DDFD5A /* PersonCell.swift */,
				1BFF90B5222130E000DDFD5A /* CustomClasses.swift */,
			);
			path = View;
			sourceTree = "<group>";
		};
		1BFF90AF2221306F00DDFD5A /* Controller */ = {
			isa = PBXGroup;
			children = (
				1BFF909D2221303D00DDFD5A /* UsersCollectionContoller.swift */,
				1BFF90B1222130AE00DDFD5A /* MapVC.swift */,
			);
			path = Controller;
			sourceTree = "<group>";
		};
		1BFF90B02221307600DDFD5A /* Resources */ = {
			isa = PBXGroup;
			children = (
				1BFF90B92221310F00DDFD5A /* Constants + Ext.swift */,
				1BFF90C12221338800DDFD5A /* Localizable.strings */,
			);
			path = Resources;
			sourceTree = "<group>";
		};
		5263726F1685295FA4366715 /* Frameworks */ = {
			isa = PBXGroup;
			children = (
				1491055AC3E4C4830AD3C54C /* Pods_Lun_UA_Test_Task.framework */,
			);
			name = Frameworks;
			sourceTree = "<group>";
		};
		BA8159EC2F71F28D82F80662 /* Pods */ = {
			isa = PBXGroup;
			children = (
				6402E6D24705E79236D7348E /* Pods-Lun_UA_Test_Task.debug.xcconfig */,
				73E42A2F058C14B505739C7E /* Pods-Lun_UA_Test_Task.release.xcconfig */,
			);
			name = Pods;
			sourceTree = "<group>";
		};
/* End PBXGroup section */

/* Begin PBXNativeTarget section */
		1BFF90972221303D00DDFD5A /* Lun_UA_Test_Task */ = {
			isa = PBXNativeTarget;
			buildConfigurationList = 1BFF90AA2221303E00DDFD5A /* Build configuration list for PBXNativeTarget "Lun_UA_Test_Task" */;
			buildPhases = (
				B4D7642DB027F3DC3263E9C2 /* [CP] Check Pods Manifest.lock */,
				1BFF90942221303D00DDFD5A /* Sources */,
				1BFF90952221303D00DDFD5A /* Frameworks */,
				1BFF90962221303D00DDFD5A /* Resources */,
				14BF86503B2D3D10B7EC42F9 /* [CP] Copy Pods Resources */,
			);
			buildRules = (
			);
			dependencies = (
			);
			name = Lun_UA_Test_Task;
			productName = Lun_UA_Test_Task;
			productReference = 1BFF90982221303D00DDFD5A /* Lun_UA_Test_Task.app */;
			productType = "com.apple.product-type.application";
		};
/* End PBXNativeTarget section */

/* Begin PBXProject section */
		1BFF90902221303D00DDFD5A /* Project object */ = {
			isa = PBXProject;
			attributes = {
				LastSwiftUpdateCheck = 1010;
				LastUpgradeCheck = 1010;
				ORGANIZATIONNAME = "Yura Velko";
				TargetAttributes = {
					1BFF90972221303D00DDFD5A = {
						CreatedOnToolsVersion = 10.1;
					};
				};
			};
			buildConfigurationList = 1BFF90932221303D00DDFD5A /* Build configuration list for PBXProject "Lun_UA_Test_Task" */;
			compatibilityVersion = "Xcode 9.3";
			developmentRegion = en;
			hasScannedForEncodings = 0;
			knownRegions = (
				en,
				Base,
				fr,
				de,
			);
			mainGroup = 1BFF908F2221303D00DDFD5A;
			productRefGroup = 1BFF90992221303D00DDFD5A /* Products */;
			projectDirPath = "";
			projectRoot = "";
			targets = (
				1BFF90972221303D00DDFD5A /* Lun_UA_Test_Task */,
			);
		};
/* End PBXProject section */

/* Begin PBXResourcesBuildPhase section */
		1BFF90962221303D00DDFD5A /* Resources */ = {
			isa = PBXResourcesBuildPhase;
			buildActionMask = 2147483647;
			files = (
				1BFF90A62221303E00DDFD5A /* LaunchScreen.storyboard in Resources */,
				1BFF90BF2221338800DDFD5A /* Localizable.strings in Resources */,
				1BFF90A32221303E00DDFD5A /* Assets.xcassets in Resources */,
				1BFF90A12221303D00DDFD5A /* Main.storyboard in Resources */,
			);
			runOnlyForDeploymentPostprocessing = 0;
		};
/* End PBXResourcesBuildPhase section */

/* Begin PBXShellScriptBuildPhase section */
		14BF86503B2D3D10B7EC42F9 /* [CP] Copy Pods Resources */ = {
			isa = PBXShellScriptBuildPhase;
			buildActionMask = 2147483647;
			files = (
			);
			inputFileListPaths = (
			);
			inputPaths = (
				"${SRCROOT}/Pods/Target Support Files/Pods-Lun_UA_Test_Task/Pods-Lun_UA_Test_Task-resources.sh",
				"${PODS_ROOT}/GoogleMaps/Maps/Frameworks/GoogleMaps.framework/Resources/GoogleMaps.bundle",
			);
			name = "[CP] Copy Pods Resources";
			outputFileListPaths = (
			);
			outputPaths = (
				"${TARGET_BUILD_DIR}/${UNLOCALIZED_RESOURCES_FOLDER_PATH}/GoogleMaps.bundle",
			);
			runOnlyForDeploymentPostprocessing = 0;
			shellPath = /bin/sh;
			shellScript = "\"${SRCROOT}/Pods/Target Support Files/Pods-Lun_UA_Test_Task/Pods-Lun_UA_Test_Task-resources.sh\"\n";
			showEnvVarsInLog = 0;
		};
		B4D7642DB027F3DC3263E9C2 /* [CP] Check Pods Manifest.lock */ = {
			isa = PBXShellScriptBuildPhase;
			buildActionMask = 2147483647;
			files = (
			);
			inputFileListPaths = (
			);
			inputPaths = (
				"${PODS_PODFILE_DIR_PATH}/Podfile.lock",
				"${PODS_ROOT}/Manifest.lock",
			);
			name = "[CP] Check Pods Manifest.lock";
			outputFileListPaths = (
			);
			outputPaths = (
				"$(DERIVED_FILE_DIR)/Pods-Lun_UA_Test_Task-checkManifestLockResult.txt",
			);
			runOnlyForDeploymentPostprocessing = 0;
			shellPath = /bin/sh;
			shellScript = "diff \"${PODS_PODFILE_DIR_PATH}/Podfile.lock\" \"${PODS_ROOT}/Manifest.lock\" > /dev/null\nif [ $? != 0 ] ; then\n    # print error to STDERR\n    echo \"error: The sandbox is not in sync with the Podfile.lock. Run 'pod install' or update your CocoaPods installation.\" >&2\n    exit 1\nfi\n# This output is used by Xcode 'outputs' to avoid re-running this script phase.\necho \"SUCCESS\" > \"${SCRIPT_OUTPUT_FILE_0}\"\n";
			showEnvVarsInLog = 0;
		};
/* End PBXShellScriptBuildPhase section */

/* Begin PBXSourcesBuildPhase section */
		1BFF90942221303D00DDFD5A /* Sources */ = {
			isa = PBXSourcesBuildPhase;
			buildActionMask = 2147483647;
			files = (
				1BFF90B8222130F400DDFD5A /* Person.swift in Sources */,
				1BFF90BA2221310F00DDFD5A /* Constants + Ext.swift in Sources */,
				1BFF909E2221303D00DDFD5A /* UsersCollectionContoller.swift in Sources */,
				1BFF90B2222130AE00DDFD5A /* MapVC.swift in Sources */,
				1BFF90B6222130E000DDFD5A /* CustomClasses.swift in Sources */,
				1BFF90B4222130CF00DDFD5A /* PersonCell.swift in Sources */,
				1BFF909C2221303D00DDFD5A /* AppDelegate.swift in Sources */,
			);
			runOnlyForDeploymentPostprocessing = 0;
		};
/* End PBXSourcesBuildPhase section */

/* Begin PBXVariantGroup section */
		1BFF909F2221303D00DDFD5A /* Main.storyboard */ = {
			isa = PBXVariantGroup;
			children = (
				1BFF90A02221303D00DDFD5A /* Base */,
				1BFF90BD2221338300DDFD5A /* ru */,
			);
			name = Main.storyboard;
			sourceTree = "<group>";
		};
		1BFF90A42221303E00DDFD5A /* LaunchScreen.storyboard */ = {
			isa = PBXVariantGroup;
			children = (
				1BFF90A52221303E00DDFD5A /* Base */,
				1BFF90BE2221338300DDFD5A /* ru */,
			);
			name = LaunchScreen.storyboard;
			sourceTree = "<group>";
		};
		1BFF90C12221338800DDFD5A /* Localizable.strings */ = {
			isa = PBXVariantGroup;
			children = (
				1BFF90C02221338800DDFD5A /* ru */,
				1BFF90C22221338C00DDFD5A /* en */,
				1BFF90C32221339F00DDFD5A /* fr */,
				1BFF90C4222133A700DDFD5A /* de */,
			);
			name = Localizable.strings;
			sourceTree = "<group>";
		};
/* End PBXVariantGroup section */

/* Begin XCBuildConfiguration section */
		1BFF90A82221303E00DDFD5A /* Debug */ = {
			isa = XCBuildConfiguration;
			buildSettings = {
				ALWAYS_SEARCH_USER_PATHS = NO;
				CLANG_ANALYZER_LOCALIZABILITY_NONLOCALIZED = YES;
				CLANG_ANALYZER_NONNULL = YES;
				CLANG_ANALYZER_NUMBER_OBJECT_CONVERSION = YES_AGGRESSIVE;
				CLANG_CXX_LANGUAGE_STANDARD = "gnu++14";
				CLANG_CXX_LIBRARY = "libc++";
				CLANG_ENABLE_MODULES = YES;
				CLANG_ENABLE_OBJC_ARC = YES;
				CLANG_ENABLE_OBJC_WEAK = YES;
				CLANG_WARN_BLOCK_CAPTURE_AUTORELEASING = YES;
				CLANG_WARN_BOOL_CONVERSION = YES;
				CLANG_WARN_COMMA = YES;
				CLANG_WARN_CONSTANT_CONVERSION = YES;
				CLANG_WARN_DEPRECATED_OBJC_IMPLEMENTATIONS = YES;
				CLANG_WARN_DIRECT_OBJC_ISA_USAGE = YES_ERROR;
				CLANG_WARN_DOCUMENTATION_COMMENTS = YES;
				CLANG_WARN_EMPTY_BODY = YES;
				CLANG_WARN_ENUM_CONVERSION = YES;
				CLANG_WARN_INFINITE_RECURSION = YES;
				CLANG_WARN_INT_CONVERSION = YES;
				CLANG_WARN_NON_LITERAL_NULL_CONVERSION = YES;
				CLANG_WARN_OBJC_IMPLICIT_RETAIN_SELF = YES;
				CLANG_WARN_OBJC_LITERAL_CONVERSION = YES;
				CLANG_WARN_OBJC_ROOT_CLASS = YES_ERROR;
				CLANG_WARN_RANGE_LOOP_ANALYSIS = YES;
				CLANG_WARN_STRICT_PROTOTYPES = YES;
				CLANG_WARN_SUSPICIOUS_MOVE = YES;
				CLANG_WARN_UNGUARDED_AVAILABILITY = YES_AGGRESSIVE;
				CLANG_WARN_UNREACHABLE_CODE = YES;
				CLANG_WARN__DUPLICATE_METHOD_MATCH = YES;
				CODE_SIGN_IDENTITY = "iPhone Developer";
				COPY_PHASE_STRIP = NO;
				DEBUG_INFORMATION_FORMAT = dwarf;
				ENABLE_STRICT_OBJC_MSGSEND = YES;
				ENABLE_TESTABILITY = YES;
				GCC_C_LANGUAGE_STANDARD = gnu11;
				GCC_DYNAMIC_NO_PIC = NO;
				GCC_NO_COMMON_BLOCKS = YES;
				GCC_OPTIMIZATION_LEVEL = 0;
				GCC_PREPROCESSOR_DEFINITIONS = (
					"DEBUG=1",
					"$(inherited)",
				);
				GCC_WARN_64_TO_32_BIT_CONVERSION = YES;
				GCC_WARN_ABOUT_RETURN_TYPE = YES_ERROR;
				GCC_WARN_UNDECLARED_SELECTOR = YES;
				GCC_WARN_UNINITIALIZED_AUTOS = YES_AGGRESSIVE;
				GCC_WARN_UNUSED_FUNCTION = YES;
				GCC_WARN_UNUSED_VARIABLE = YES;
				IPHONEOS_DEPLOYMENT_TARGET = 12.1;
				MTL_ENABLE_DEBUG_INFO = INCLUDE_SOURCE;
				MTL_FAST_MATH = YES;
				ONLY_ACTIVE_ARCH = YES;
				SDKROOT = iphoneos;
				SWIFT_ACTIVE_COMPILATION_CONDITIONS = DEBUG;
				SWIFT_OPTIMIZATION_LEVEL = "-Onone";
			};
			name = Debug;
		};
		1BFF90A92221303E00DDFD5A /* Release */ = {
			isa = XCBuildConfiguration;
			buildSettings = {
				ALWAYS_SEARCH_USER_PATHS = NO;
				CLANG_ANALYZER_LOCALIZABILITY_NONLOCALIZED = YES;
				CLANG_ANALYZER_NONNULL = YES;
				CLANG_ANALYZER_NUMBER_OBJECT_CONVERSION = YES_AGGRESSIVE;
				CLANG_CXX_LANGUAGE_STANDARD = "gnu++14";
				CLANG_CXX_LIBRARY = "libc++";
				CLANG_ENABLE_MODULES = YES;
				CLANG_ENABLE_OBJC_ARC = YES;
				CLANG_ENABLE_OBJC_WEAK = YES;
				CLANG_WARN_BLOCK_CAPTURE_AUTORELEASING = YES;
				CLANG_WARN_BOOL_CONVERSION = YES;
				CLANG_WARN_COMMA = YES;
				CLANG_WARN_CONSTANT_CONVERSION = YES;
				CLANG_WARN_DEPRECATED_OBJC_IMPLEMENTATIONS = YES;
				CLANG_WARN_DIRECT_OBJC_ISA_USAGE = YES_ERROR;
				CLANG_WARN_DOCUMENTATION_COMMENTS = YES;
				CLANG_WARN_EMPTY_BODY = YES;
				CLANG_WARN_ENUM_CONVERSION = YES;
				CLANG_WARN_INFINITE_RECURSION = YES;
				CLANG_WARN_INT_CONVERSION = YES;
				CLANG_WARN_NON_LITERAL_NULL_CONVERSION = YES;
				CLANG_WARN_OBJC_IMPLICIT_RETAIN_SELF = YES;
				CLANG_WARN_OBJC_LITERAL_CONVERSION = YES;
				CLANG_WARN_OBJC_ROOT_CLASS = YES_ERROR;
				CLANG_WARN_RANGE_LOOP_ANALYSIS = YES;
				CLANG_WARN_STRICT_PROTOTYPES = YES;
				CLANG_WARN_SUSPICIOUS_MOVE = YES;
				CLANG_WARN_UNGUARDED_AVAILABILITY = YES_AGGRESSIVE;
				CLANG_WARN_UNREACHABLE_CODE = YES;
				CLANG_WARN__DUPLICATE_METHOD_MATCH = YES;
				CODE_SIGN_IDENTITY = "iPhone Developer";
				COPY_PHASE_STRIP = NO;
				DEBUG_INFORMATION_FORMAT = "dwarf-with-dsym";
				ENABLE_NS_ASSERTIONS = NO;
				ENABLE_STRICT_OBJC_MSGSEND = YES;
				GCC_C_LANGUAGE_STANDARD = gnu11;
				GCC_NO_COMMON_BLOCKS = YES;
				GCC_WARN_64_TO_32_BIT_CONVERSION = YES;
				GCC_WARN_ABOUT_RETURN_TYPE = YES_ERROR;
				GCC_WARN_UNDECLARED_SELECTOR = YES;
				GCC_WARN_UNINITIALIZED_AUTOS = YES_AGGRESSIVE;
				GCC_WARN_UNUSED_FUNCTION = YES;
				GCC_WARN_UNUSED_VARIABLE = YES;
				IPHONEOS_DEPLOYMENT_TARGET = 12.1;
				MTL_ENABLE_DEBUG_INFO = NO;
				MTL_FAST_MATH = YES;
				SDKROOT = iphoneos;
				SWIFT_COMPILATION_MODE = wholemodule;
				SWIFT_OPTIMIZATION_LEVEL = "-O";
				VALIDATE_PRODUCT = YES;
			};
			name = Release;
		};
		1BFF90AB2221303E00DDFD5A /* Debug */ = {
			isa = XCBuildConfiguration;
			baseConfigurationReference = 6402E6D24705E79236D7348E /* Pods-Lun_UA_Test_Task.debug.xcconfig */;
			buildSettings = {
				ASSETCATALOG_COMPILER_APPICON_NAME = AppIcon;
				CODE_SIGN_STYLE = Automatic;
				INFOPLIST_FILE = Lun_UA_Test_Task/Info.plist;
				LD_RUNPATH_SEARCH_PATHS = (
					"$(inherited)",
					"@executable_path/Frameworks",
				);
				PRODUCT_BUNDLE_IDENTIFIER = "Beav.Lun-UA-Test-Task";
				PRODUCT_NAME = "$(TARGET_NAME)";
				SWIFT_VERSION = 4.2;
				TARGETED_DEVICE_FAMILY = "1,2";
			};
			name = Debug;
		};
		1BFF90AC2221303E00DDFD5A /* Release */ = {
			isa = XCBuildConfiguration;
			baseConfigurationReference = 73E42A2F058C14B505739C7E /* Pods-Lun_UA_Test_Task.release.xcconfig */;
			buildSettings = {
				ASSETCATALOG_COMPILER_APPICON_NAME = AppIcon;
				CODE_SIGN_STYLE = Automatic;
				INFOPLIST_FILE = Lun_UA_Test_Task/Info.plist;
				LD_RUNPATH_SEARCH_PATHS = (
					"$(inherited)",
					"@executable_path/Frameworks",
				);
				PRODUCT_BUNDLE_IDENTIFIER = "Beav.Lun-UA-Test-Task";
				PRODUCT_NAME = "$(TARGET_NAME)";
				SWIFT_VERSION = 4.2;
				TARGETED_DEVICE_FAMILY = "1,2";
			};
			name = Release;
		};
/* End XCBuildConfiguration section */

/* Begin XCConfigurationList section */
		1BFF90932221303D00DDFD5A /* Build configuration list for PBXProject "Lun_UA_Test_Task" */ = {
			isa = XCConfigurationList;
			buildConfigurations = (
				1BFF90A82221303E00DDFD5A /* Debug */,
				1BFF90A92221303E00DDFD5A /* Release */,
			);
			defaultConfigurationIsVisible = 0;
			defaultConfigurationName = Release;
		};
		1BFF90AA2221303E00DDFD5A /* Build configuration list for PBXNativeTarget "Lun_UA_Test_Task" */ = {
			isa = XCConfigurationList;
			buildConfigurations = (
				1BFF90AB2221303E00DDFD5A /* Debug */,
				1BFF90AC2221303E00DDFD5A /* Release */,
			);
			defaultConfigurationIsVisible = 0;
			defaultConfigurationName = Release;
		};
/* End XCConfigurationList section */
	};
	rootObject = 1BFF90902221303D00DDFD5A /* Project object */;
}
